// !$*UTF8*$!
{
	archiveVersion = 1;
	classes = {
	};
	objectVersion = 50;
	objects = {

/* Begin PBXBuildFile section */
		E3E5C15E24B8501D0037D99A /* AppDelegate.swift in Sources */ = {isa = PBXBuildFile; fileRef = E3E5C15D24B8501D0037D99A /* AppDelegate.swift */; };
		E3E5C16024B8501D0037D99A /* SceneDelegate.swift in Sources */ = {isa = PBXBuildFile; fileRef = E3E5C15F24B8501D0037D99A /* SceneDelegate.swift */; };
		E3E5C16224B8501D0037D99A /* ViewController.swift in Sources */ = {isa = PBXBuildFile; fileRef = E3E5C16124B8501D0037D99A /* ViewController.swift */; };
		E3E5C16524B8501D0037D99A /* Main.storyboard in Resources */ = {isa = PBXBuildFile; fileRef = E3E5C16324B8501D0037D99A /* Main.storyboard */; };
		E3E5C16724B8501F0037D99A /* Assets.xcassets in Resources */ = {isa = PBXBuildFile; fileRef = E3E5C16624B8501F0037D99A /* Assets.xcassets */; };
		E3E5C16A24B8501F0037D99A /* LaunchScreen.storyboard in Resources */ = {isa = PBXBuildFile; fileRef = E3E5C16824B8501F0037D99A /* LaunchScreen.storyboard */; };
		E3E5C17424B86B4F0037D99A /* DataPrice.swift in Sources */ = {isa = PBXBuildFile; fileRef = E3E5C17324B86B4F0037D99A /* DataPrice.swift */; };
/* End PBXBuildFile section */

/* Begin PBXFileReference section */
		E3E5C15A24B8501D0037D99A /* Bit Price.app */ = {isa = PBXFileReference; explicitFileType = wrapper.application; includeInIndex = 0; path = "Bit Price.app"; sourceTree = BUILT_PRODUCTS_DIR; };
		E3E5C15D24B8501D0037D99A /* AppDelegate.swift */ = {isa = PBXFileReference; lastKnownFileType = sourcecode.swift; path = AppDelegate.swift; sourceTree = "<group>"; };
		E3E5C15F24B8501D0037D99A /* SceneDelegate.swift */ = {isa = PBXFileReference; lastKnownFileType = sourcecode.swift; path = SceneDelegate.swift; sourceTree = "<group>"; };
		E3E5C16124B8501D0037D99A /* ViewController.swift */ = {isa = PBXFileReference; lastKnownFileType = sourcecode.swift; path = ViewController.swift; sourceTree = "<group>"; };
		E3E5C16424B8501D0037D99A /* Base */ = {isa = PBXFileReference; lastKnownFileType = file.storyboard; name = Base; path = Base.lproj/Main.storyboard; sourceTree = "<group>"; };
		E3E5C16624B8501F0037D99A /* Assets.xcassets */ = {isa = PBXFileReference; lastKnownFileType = folder.assetcatalog; path = Assets.xcassets; sourceTree = "<group>"; };
		E3E5C16924B8501F0037D99A /* Base */ = {isa = PBXFileReference; lastKnownFileType = file.storyboard; name = Base; path = Base.lproj/LaunchScreen.storyboard; sourceTree = "<group>"; };
		E3E5C16B24B8501F0037D99A /* Info.plist */ = {isa = PBXFileReference; lastKnownFileType = text.plist.xml; path = Info.plist; sourceTree = "<group>"; };
		E3E5C17324B86B4F0037D99A /* DataPrice.swift */ = {isa = PBXFileReference; lastKnownFileType = sourcecode.swift; path = DataPrice.swift; sourceTree = "<group>"; };
/* End PBXFileReference section */

/* Begin PBXFrameworksBuildPhase section */
		E3E5C15724B8501D0037D99A /* Frameworks */ = {
			isa = PBXFrameworksBuildPhase;
			buildActionMask = 2147483647;
			files = (
			);
			runOnlyForDeploymentPostprocessing = 0;
		};
/* End PBXFrameworksBuildPhase section */

/* Begin PBXGroup section */
		E3DB84DC24C855D700FFE7E1 /* Models */ = {
			isa = PBXGroup;
			children = (
				E3E5C17324B86B4F0037D99A /* DataPrice.swift */,
			);
			path = Models;
			sourceTree = "<group>";
		};
		E3DB84DD24C855E800FFE7E1 /* View */ = {
			isa = PBXGroup;
			children = (
				E3E5C16324B8501D0037D99A /* Main.storyboard */,
				E3E5C16824B8501F0037D99A /* LaunchScreen.storyboard */,
			);
			path = View;
			sourceTree = "<group>";
		};
		E3DB84DE24C8560100FFE7E1 /* Controller */ = {
			isa = PBXGroup;
			children = (
				E3E5C16124B8501D0037D99A /* ViewController.swift */,
			);
			path = Controller;
			sourceTree = "<group>";
		};
		E3E5C15124B8501D0037D99A = {
			isa = PBXGroup;
			children = (
				E3E5C15C24B8501D0037D99A /* Bit Rate */,
				E3E5C15B24B8501D0037D99A /* Products */,
			);
			sourceTree = "<group>";
		};
		E3E5C15B24B8501D0037D99A /* Products */ = {
			isa = PBXGroup;
			children = (
				E3E5C15A24B8501D0037D99A /* Bit Price.app */,
			);
			name = Products;
			sourceTree = "<group>";
		};
		E3E5C15C24B8501D0037D99A /* Bit Rate */ = {
			isa = PBXGroup;
			children = (
				E3DB84DC24C855D700FFE7E1 /* Models */,
				E3DB84DD24C855E800FFE7E1 /* View */,
				E3DB84DE24C8560100FFE7E1 /* Controller */,
				E3E5C15D24B8501D0037D99A /* AppDelegate.swift */,
				E3E5C15F24B8501D0037D99A /* SceneDelegate.swift */,
				E3E5C16624B8501F0037D99A /* Assets.xcassets */,
				E3E5C16B24B8501F0037D99A /* Info.plist */,
			);
			path = "Bit Rate";
			sourceTree = "<group>";
		};
/* End PBXGroup section */

/* Begin PBXNativeTarget section */
		E3E5C15924B8501D0037D99A /* Bit Rate */ = {
			isa = PBXNativeTarget;
			buildConfigurationList = E3E5C16E24B8501F0037D99A /* Build configuration list for PBXNativeTarget "Bit Rate" */;
			buildPhases = (
				E3E5C15624B8501D0037D99A /* Sources */,
				E3E5C15724B8501D0037D99A /* Frameworks */,
				E3E5C15824B8501D0037D99A /* Resources */,
			);
			buildRules = (
			);
			dependencies = (
			);
			name = "Bit Rate";
			productName = "Bit Rate";
			productReference = E3E5C15A24B8501D0037D99A /* Bit Price.app */;
			productType = "com.apple.product-type.application";
		};
/* End PBXNativeTarget section */

/* Begin PBXProject section */
		E3E5C15224B8501D0037D99A /* Project object */ = {
			isa = PBXProject;
			attributes = {
				LastSwiftUpdateCheck = 1150;
				LastUpgradeCheck = 1150;
				ORGANIZATIONNAME = ArtistSamyak;
				TargetAttributes = {
					E3E5C15924B8501D0037D99A = {
						CreatedOnToolsVersion = 11.5;
					};
				};
			};
			buildConfigurationList = E3E5C15524B8501D0037D99A /* Build configuration list for PBXProject "Bit Rate" */;
			compatibilityVersion = "Xcode 9.3";
			developmentRegion = en;
			hasScannedForEncodings = 0;
			knownRegions = (
				en,
				Base,
			);
			mainGroup = E3E5C15124B8501D0037D99A;
			productRefGroup = E3E5C15B24B8501D0037D99A /* Products */;
			projectDirPath = "";
			projectRoot = "";
			targets = (
				E3E5C15924B8501D0037D99A /* Bit Rate */,
			);
		};
/* End PBXProject section */

/* Begin PBXResourcesBuildPhase section */
		E3E5C15824B8501D0037D99A /* Resources */ = {
			isa = PBXResourcesBuildPhase;
			buildActionMask = 2147483647;
			files = (
				E3E5C16A24B8501F0037D99A /* LaunchScreen.storyboard in Resources */,
				E3E5C16724B8501F0037D99A /* Assets.xcassets in Resources */,
				E3E5C16524B8501D0037D99A /* Main.storyboard in Resources */,
			);
			runOnlyForDeploymentPostprocessing = 0;
		};
/* End PBXResourcesBuildPhase section */

/* Begin PBXSourcesBuildPhase section */
		E3E5C15624B8501D0037D99A /* Sources */ = {
			isa = PBXSourcesBuildPhase;
			buildActionMask = 2147483647;
			files = (
				E3E5C16224B8501D0037D99A /* ViewController.swift in Sources */,
				E3E5C15E24B8501D0037D99A /* AppDelegate.swift in Sources */,
				E3E5C16024B8501D0037D99A /* SceneDelegate.swift in Sources */,
				E3E5C17424B86B4F0037D99A /* DataPrice.swift in Sources */,
			);
			runOnlyForDeploymentPostprocessing = 0;
		};
/* End PBXSourcesBuildPhase section */

/* Begin PBXVariantGroup section */
		E3E5C16324B8501D0037D99A /* Main.storyboard */ = {
			isa = PBXVariantGroup;
			children = (
				E3E5C16424B8501D0037D99A /* Base */,
			);
			name = Main.storyboard;
			sourceTree = "<group>";
		};
		E3E5C16824B8501F0037D99A /* LaunchScreen.storyboard */ = {
			isa = PBXVariantGroup;
			children = (
				E3E5C16924B8501F0037D99A /* Base */,
			);
			name = LaunchScreen.storyboard;
			sourceTree = "<group>";
		};
/* End PBXVariantGroup section */

/* Begin XCBuildConfiguration section */
		E3E5C16C24B8501F0037D99A /* Debug */ = {
			isa = XCBuildConfiguration;
			buildSettings = {
				ALWAYS_SEARCH_USER_PATHS = NO;
				CLANG_ANALYZER_NONNULL = YES;
				CLANG_ANALYZER_NUMBER_OBJECT_CONVERSION = YES_AGGRESSIVE;
				CLANG_CXX_LANGUAGE_STANDARD = "gnu++14";
				CLANG_CXX_LIBRARY = "libc++";
				CLANG_ENABLE_MODULES = YES;
				CLANG_ENABLE_OBJC_ARC = YES;
				CLANG_ENABLE_OBJC_WEAK = YES;
				CLANG_WARN_BLOCK_CAPTURE_AUTORELEASING = YES;
				CLANG_WARN_BOOL_CONVERSION = YES;
				CLANG_WARN_COMMA = YES;
				CLANG_WARN_CONSTANT_CONVERSION = YES;
				CLANG_WARN_DEPRECATED_OBJC_IMPLEMENTATIONS = YES;
				CLANG_WARN_DIRECT_OBJC_ISA_USAGE = YES_ERROR;
				CLANG_WARN_DOCUMENTATION_COMMENTS = YES;
				CLANG_WARN_EMPTY_BODY = YES;
				CLANG_WARN_ENUM_CONVERSION = YES;
				CLANG_WARN_INFINITE_RECURSION = YES;
				CLANG_WARN_INT_CONVERSION = YES;
				CLANG_WARN_NON_LITERAL_NULL_CONVERSION = YES;
				CLANG_WARN_OBJC_IMPLICIT_RETAIN_SELF = YES;
				CLANG_WARN_OBJC_LITERAL_CONVERSION = YES;
				CLANG_WARN_OBJC_ROOT_CLASS = YES_ERROR;
				CLANG_WARN_RANGE_LOOP_ANALYSIS = YES;
				CLANG_WARN_STRICT_PROTOTYPES = YES;
				CLANG_WARN_SUSPICIOUS_MOVE = YES;
				CLANG_WARN_UNGUARDED_AVAILABILITY = YES_AGGRESSIVE;
				CLANG_WARN_UNREACHABLE_CODE = YES;
				CLANG_WARN__DUPLICATE_METHOD_MATCH = YES;
				COPY_PHASE_STRIP = NO;
				DEBUG_INFORMATION_FORMAT = dwarf;
				ENABLE_STRICT_OBJC_MSGSEND = YES;
				ENABLE_TESTABILITY = YES;
				GCC_C_LANGUAGE_STANDARD = gnu11;
				GCC_DYNAMIC_NO_PIC = NO;
				GCC_NO_COMMON_BLOCKS = YES;
				GCC_OPTIMIZATION_LEVEL = 0;
				GCC_PREPROCESSOR_DEFINITIONS = (
					"DEBUG=1",
					"$(inherited)",
				);
				GCC_WARN_64_TO_32_BIT_CONVERSION = YES;
				GCC_WARN_ABOUT_RETURN_TYPE = YES_ERROR;
				GCC_WARN_UNDECLARED_SELECTOR = YES;
				GCC_WARN_UNINITIALIZED_AUTOS = YES_AGGRESSIVE;
				GCC_WARN_UNUSED_FUNCTION = YES;
				GCC_WARN_UNUSED_VARIABLE = YES;
				IPHONEOS_DEPLOYMENT_TARGET = 13.5;
				MTL_ENABLE_DEBUG_INFO = INCLUDE_SOURCE;
				MTL_FAST_MATH = YES;
				ONLY_ACTIVE_ARCH = YES;
				SDKROOT = iphoneos;
				SWIFT_ACTIVE_COMPILATION_CONDITIONS = DEBUG;
				SWIFT_OPTIMIZATION_LEVEL = "-Onone";
			};
			name = Debug;
		};
		E3E5C16D24B8501F0037D99A /* Release */ = {
			isa = XCBuildConfiguration;
			buildSettings = {
				ALWAYS_SEARCH_USER_PATHS = NO;
				CLANG_ANALYZER_NONNULL = YES;
				CLANG_ANALYZER_NUMBER_OBJECT_CONVERSION = YES_AGGRESSIVE;
				CLANG_CXX_LANGUAGE_STANDARD = "gnu++14";
				CLANG_CXX_LIBRARY = "libc++";
				CLANG_ENABLE_MODULES = YES;
				CLANG_ENABLE_OBJC_ARC = YES;
				CLANG_ENABLE_OBJC_WEAK = YES;
				CLANG_WARN_BLOCK_CAPTURE_AUTORELEASING = YES;
				CLANG_WARN_BOOL_CONVERSION = YES;
				CLANG_WARN_COMMA = YES;
				CLANG_WARN_CONSTANT_CONVERSION = YES;
				CLANG_WARN_DEPRECATED_OBJC_IMPLEMENTATIONS = YES;
				CLANG_WARN_DIRECT_OBJC_ISA_USAGE = YES_ERROR;
				CLANG_WARN_DOCUMENTATION_COMMENTS = YES;
				CLANG_WARN_EMPTY_BODY = YES;
				CLANG_WARN_ENUM_CONVERSION = YES;
				CLANG_WARN_INFINITE_RECURSION = YES;
				CLANG_WARN_INT_CONVERSION = YES;
				CLANG_WARN_NON_LITERAL_NULL_CONVERSION = YES;
				CLANG_WARN_OBJC_IMPLICIT_RETAIN_SELF = YES;
				CLANG_WARN_OBJC_LITERAL_CONVERSION = YES;
				CLANG_WARN_OBJC_ROOT_CLASS = YES_ERROR;
				CLANG_WARN_RANGE_LOOP_ANALYSIS = YES;
				CLANG_WARN_STRICT_PROTOTYPES = YES;
				CLANG_WARN_SUSPICIOUS_MOVE = YES;
				CLANG_WARN_UNGUARDED_AVAILABILITY = YES_AGGRESSIVE;
				CLANG_WARN_UNREACHABLE_CODE = YES;
				CLANG_WARN__DUPLICATE_METHOD_MATCH = YES;
				COPY_PHASE_STRIP = NO;
				DEBUG_INFORMATION_FORMAT = "dwarf-with-dsym";
				ENABLE_NS_ASSERTIONS = NO;
				ENABLE_STRICT_OBJC_MSGSEND = YES;
				GCC_C_LANGUAGE_STANDARD = gnu11;
				GCC_NO_COMMON_BLOCKS = YES;
				GCC_WARN_64_TO_32_BIT_CONVERSION = YES;
				GCC_WARN_ABOUT_RETURN_TYPE = YES_ERROR;
				GCC_WARN_UNDECLARED_SELECTOR = YES;
				GCC_WARN_UNINITIALIZED_AUTOS = YES_AGGRESSIVE;
				GCC_WARN_UNUSED_FUNCTION = YES;
				GCC_WARN_UNUSED_VARIABLE = YES;
				IPHONEOS_DEPLOYMENT_TARGET = 13.5;
				MTL_ENABLE_DEBUG_INFO = NO;
				MTL_FAST_MATH = YES;
				SDKROOT = iphoneos;
				SWIFT_COMPILATION_MODE = wholemodule;
				SWIFT_OPTIMIZATION_LEVEL = "-O";
				VALIDATE_PRODUCT = YES;
			};
			name = Release;
		};
		E3E5C16F24B8501F0037D99A /* Debug */ = {
			isa = XCBuildConfiguration;
			buildSettings = {
				ASSETCATALOG_COMPILER_APPICON_NAME = AppIcon;
				CODE_SIGN_STYLE = Automatic;
				DEVELOPMENT_TEAM = G9D632BTGH;
				INFOPLIST_FILE = "Bit Rate/Info.plist";
				IPHONEOS_DEPLOYMENT_TARGET = 13.0;
				LD_RUNPATH_SEARCH_PATHS = (
					"$(inherited)",
					"@executable_path/Frameworks",
				);
				PRODUCT_BUNDLE_IDENTIFIER = "com.ArtistSamyak.Bit-Rate";
				PRODUCT_NAME = "Bit Price";
				SWIFT_VERSION = 5.0;
				TARGETED_DEVICE_FAMILY = "1,2";
			};
			name = Debug;
		};
		E3E5C17024B8501F0037D99A /* Release */ = {
			isa = XCBuildConfiguration;
			buildSettings = {
				ASSETCATALOG_COMPILER_APPICON_NAME = AppIcon;
				CODE_SIGN_STYLE = Automatic;
				DEVELOPMENT_TEAM = G9D632BTGH;
				INFOPLIST_FILE = "Bit Rate/Info.plist";
				IPHONEOS_DEPLOYMENT_TARGET = 13.0;
				LD_RUNPATH_SEARCH_PATHS = (
					"$(inherited)",
					"@executable_path/Frameworks",
				);
				PRODUCT_BUNDLE_IDENTIFIER = "com.ArtistSamyak.Bit-Rate";
				PRODUCT_NAME = "Bit Price";
				SWIFT_VERSION = 5.0;
				TARGETED_DEVICE_FAMILY = "1,2";
			};
			name = Release;
		};
/* End XCBuildConfiguration section */

/* Begin XCConfigurationList section */
		E3E5C15524B8501D0037D99A /* Build configuration list for PBXProject "Bit Rate" */ = {
			isa = XCConfigurationList;
			buildConfigurations = (
				E3E5C16C24B8501F0037D99A /* Debug */,
				E3E5C16D24B8501F0037D99A /* Release */,
			);
			defaultConfigurationIsVisible = 0;
			defaultConfigurationName = Release;
		};
		E3E5C16E24B8501F0037D99A /* Build configuration list for PBXNativeTarget "Bit Rate" */ = {
			isa = XCConfigurationList;
			buildConfigurations = (
				E3E5C16F24B8501F0037D99A /* Debug */,
				E3E5C17024B8501F0037D99A /* Release */,
			);
			defaultConfigurationIsVisible = 0;
			defaultConfigurationName = Release;
		};
/* End XCConfigurationList section */
	};
	rootObject = E3E5C15224B8501D0037D99A /* Project object */;
}
